
Microsoft Visual Studio Solution File, Format Version 12.00
# Visual Studio Version 16
VisualStudioVersion = 16.0.30804.86
MinimumVisualStudioVersion = 10.0.40219.1
Project("{FAE04EC0-301F-11D3-BF4B-00C04F79EFBC}") = "MyGameProject", "MyGameProject\MyGameProject.csproj", "{44C2BD8B-BE28-464A-A0D5-737A79FA5CD5}"
EndProject
Global
	GlobalSection(SolutionConfigurationPlatforms) = preSolution
		Debug|Any CPU = Debug|Any CPU
		Release|Any CPU = Release|Any CPU
	EndGlobalSection
	GlobalSection(ProjectConfigurationPlatforms) = postSolution
		{44C2BD8B-BE28-464A-A0D5-737A79FA5CD5}.Debug|Any CPU.ActiveCfg = Debug|Any CPU
		{44C2BD8B-BE28-464A-A0D5-737A79FA5CD5}.Debug|Any CPU.Build.0 = Debug|Any CPU
		{44C2BD8B-BE28-464A-A0D5-737A79FA5CD5}.Release|Any CPU.ActiveCfg = Release|Any CPU
		{44C2BD8B-BE28-464A-A0D5-737A79FA5CD5}.Release|Any CPU.Build.0 = Release|Any CPU
	EndGlobalSection
	GlobalSection(SolutionProperties) = preSolution
		HideSolutionNode = FALSE
	EndGlobalSection
	GlobalSection(ExtensibilityGlobals) = postSolution
		SolutionGuid = {E21D7586-A3FE-46A8-A115-78939F7B81C1}
	EndGlobalSection
EndGlobal
